// !$*UTF8*$!
{
	archiveVersion = 1;
	classes = {
	};
	objectVersion = 46;
	objects = {

/* Begin PBXBuildFile section */
		660196351B9CEFBC002E5B82 /* QuartzCore.framework in Frameworks */ = {isa = PBXBuildFile; fileRef = 660196341B9CEFBC002E5B82 /* QuartzCore.framework */; };
		6601963A1B9E4A95002E5B82 /* DataLoader.m in Sources */ = {isa = PBXBuildFile; fileRef = 660196391B9E4A95002E5B82 /* DataLoader.m */; settings = {ASSET_TAGS = (); }; };
		660EF8BB1BA3C47C00FF1E9F /* ServiceListingAddressItem.m in Sources */ = {isa = PBXBuildFile; fileRef = 660EF8BA1BA3C47C00FF1E9F /* ServiceListingAddressItem.m */; settings = {ASSET_TAGS = (); }; };
		660F736A1B9BAD190086AD3D /* AppDelegate.m in Sources */ = {isa = PBXBuildFile; fileRef = 660F73691B9BAD190086AD3D /* AppDelegate.m */; };
		660F736C1B9BAD190086AD3D /* main.m in Sources */ = {isa = PBXBuildFile; fileRef = 660F736B1B9BAD190086AD3D /* main.m */; };
		660F736E1B9BAD190086AD3D /* Images.xcassets in Resources */ = {isa = PBXBuildFile; fileRef = 660F736D1B9BAD190086AD3D /* Images.xcassets */; };
		660F73711B9BAD190086AD3D /* MainMenu.xib in Resources */ = {isa = PBXBuildFile; fileRef = 660F736F1B9BAD190086AD3D /* MainMenu.xib */; };
		660F73881B9BADF80086AD3D /* ViewController.m in Sources */ = {isa = PBXBuildFile; fileRef = 660F73871B9BADF80086AD3D /* ViewController.m */; };
		660F738C1B9BAF760086AD3D /* BonjourHost.m in Sources */ = {isa = PBXBuildFile; fileRef = 660F738B1B9BAF760086AD3D /* BonjourHost.m */; };
		660F738F1B9BB0580086AD3D /* BonjourService.m in Sources */ = {isa = PBXBuildFile; fileRef = 660F738E1B9BB0580086AD3D /* BonjourService.m */; };
		6634E4B61B9BB6E000CD1759 /* ServiceEditor.xib in Resources */ = {isa = PBXBuildFile; fileRef = 6634E4B51B9BB6E000CD1759 /* ServiceEditor.xib */; settings = {ASSET_TAGS = (); }; };
		6634E4BC1B9BB82300CD1759 /* ServiceEditorWindowController.m in Sources */ = {isa = PBXBuildFile; fileRef = 6634E4BB1B9BB82300CD1759 /* ServiceEditorWindowController.m */; settings = {ASSET_TAGS = (); }; };
		6634F95F1BA1170D00998874 /* DNSQuerier.m in Sources */ = {isa = PBXBuildFile; fileRef = 6634F95E1BA1170D00998874 /* DNSQuerier.m */; settings = {ASSET_TAGS = (); }; };
		6634F9631BA126C400998874 /* ServiceListingWindowController.m in Sources */ = {isa = PBXBuildFile; fileRef = 6634F9611BA126C400998874 /* ServiceListingWindowController.m */; settings = {ASSET_TAGS = (); }; };
		6634F9641BA126C400998874 /* ServiceListing.xib in Resources */ = {isa = PBXBuildFile; fileRef = 6634F9621BA126C400998874 /* ServiceListing.xib */; settings = {ASSET_TAGS = (); }; };
		6634F9681BA2199B00998874 /* ServiceListingTopLevelItem.m in Sources */ = {isa = PBXBuildFile; fileRef = 6634F9671BA2199B00998874 /* ServiceListingTopLevelItem.m */; settings = {ASSET_TAGS = (); }; };
		6634F96B1BA2796200998874 /* NameResolverNetServiceBrowser.m in Sources */ = {isa = PBXBuildFile; fileRef = 6634F96A1BA2796200998874 /* NameResolverNetServiceBrowser.m */; settings = {ASSET_TAGS = (); }; };
		6634F96D1BA364A100998874 /* Services.plist in Resources */ = {isa = PBXBuildFile; fileRef = 6634F96C1BA364A100998874 /* Services.plist */; settings = {ASSET_TAGS = (); }; };
		6634F9701BA373CD00998874 /* ServiceListingChildItem.m in Sources */ = {isa = PBXBuildFile; fileRef = 6634F96F1BA373CD00998874 /* ServiceListingChildItem.m */; settings = {ASSET_TAGS = (); }; };
		6697209E1B9CD8D4006E9DA9 /* .gitignore in Resources */ = {isa = PBXBuildFile; fileRef = 6697209D1B9CD8D4006E9DA9 /* .gitignore */; settings = {ASSET_TAGS = (); }; };
		669720A21B9CD9A8006E9DA9 /* TextEntryTableView.m in Sources */ = {isa = PBXBuildFile; fileRef = 669720A11B9CD9A8006E9DA9 /* TextEntryTableView.m */; settings = {ASSET_TAGS = (); }; };
		669720A51B9CDC25006E9DA9 /* TextEntryRowView.m in Sources */ = {isa = PBXBuildFile; fileRef = 669720A41B9CDC25006E9DA9 /* TextEntryRowView.m */; settings = {ASSET_TAGS = (); }; };
		66B1A00B1BBE1B4000F323B8 /* Reachability.m in Sources */ = {isa = PBXBuildFile; fileRef = 66B1A00A1BBE1B4000F323B8 /* Reachability.m */; settings = {ASSET_TAGS = (); }; };
		66B1A00E1BBE1B6100F323B8 /* ReachabilityController.m in Sources */ = {isa = PBXBuildFile; fileRef = 66B1A00D1BBE1B6100F323B8 /* ReachabilityController.m */; settings = {ASSET_TAGS = (); }; };
/* End PBXBuildFile section */

/* Begin PBXFileReference section */
		660196341B9CEFBC002E5B82 /* QuartzCore.framework */ = {isa = PBXFileReference; lastKnownFileType = wrapper.framework; name = QuartzCore.framework; path = System/Library/Frameworks/QuartzCore.framework; sourceTree = SDKROOT; };
		660196381B9E4A95002E5B82 /* DataLoader.h */ = {isa = PBXFileReference; fileEncoding = 4; lastKnownFileType = sourcecode.c.h; name = DataLoader.h; path = Storage/DataLoader.h; sourceTree = "<group>"; };
		660196391B9E4A95002E5B82 /* DataLoader.m */ = {isa = PBXFileReference; fileEncoding = 4; lastKnownFileType = sourcecode.c.objc; name = DataLoader.m; path = Storage/DataLoader.m; sourceTree = "<group>"; };
		660EF8B91BA3C47C00FF1E9F /* ServiceListingAddressItem.h */ = {isa = PBXFileReference; fileEncoding = 4; lastKnownFileType = sourcecode.c.h; name = ServiceListingAddressItem.h; path = Sheets/ServiceListing/ServiceListingAddressItem.h; sourceTree = "<group>"; };
		660EF8BA1BA3C47C00FF1E9F /* ServiceListingAddressItem.m */ = {isa = PBXFileReference; fileEncoding = 4; lastKnownFileType = sourcecode.c.objc; name = ServiceListingAddressItem.m; path = Sheets/ServiceListing/ServiceListingAddressItem.m; sourceTree = "<group>"; };
		660F73631B9BAD190086AD3D /* Bonjour Broadcaster.app */ = {isa = PBXFileReference; explicitFileType = wrapper.application; includeInIndex = 0; path = "Bonjour Broadcaster.app"; sourceTree = BUILT_PRODUCTS_DIR; };
		660F73671B9BAD190086AD3D /* Info.plist */ = {isa = PBXFileReference; lastKnownFileType = text.plist.xml; path = Info.plist; sourceTree = "<group>"; };
		660F73681B9BAD190086AD3D /* AppDelegate.h */ = {isa = PBXFileReference; lastKnownFileType = sourcecode.c.h; path = AppDelegate.h; sourceTree = "<group>"; };
		660F73691B9BAD190086AD3D /* AppDelegate.m */ = {isa = PBXFileReference; lastKnownFileType = sourcecode.c.objc; path = AppDelegate.m; sourceTree = "<group>"; };
		660F736B1B9BAD190086AD3D /* main.m */ = {isa = PBXFileReference; lastKnownFileType = sourcecode.c.objc; path = main.m; sourceTree = "<group>"; };
		660F736D1B9BAD190086AD3D /* Images.xcassets */ = {isa = PBXFileReference; lastKnownFileType = folder.assetcatalog; path = Images.xcassets; sourceTree = "<group>"; };
		660F73701B9BAD190086AD3D /* Base */ = {isa = PBXFileReference; lastKnownFileType = file.xib; name = Base; path = Base.lproj/MainMenu.xib; sourceTree = "<group>"; };
		660F73861B9BADF80086AD3D /* ViewController.h */ = {isa = PBXFileReference; fileEncoding = 4; lastKnownFileType = sourcecode.c.h; path = ViewController.h; sourceTree = "<group>"; };
		660F73871B9BADF80086AD3D /* ViewController.m */ = {isa = PBXFileReference; fileEncoding = 4; lastKnownFileType = sourcecode.c.objc; path = ViewController.m; sourceTree = "<group>"; };
		660F738A1B9BAF760086AD3D /* BonjourHost.h */ = {isa = PBXFileReference; fileEncoding = 4; lastKnownFileType = sourcecode.c.h; name = BonjourHost.h; path = Bonjour/BonjourHost.h; sourceTree = "<group>"; };
		660F738B1B9BAF760086AD3D /* BonjourHost.m */ = {isa = PBXFileReference; fileEncoding = 4; lastKnownFileType = sourcecode.c.objc; name = BonjourHost.m; path = Bonjour/BonjourHost.m; sourceTree = "<group>"; };
		660F738D1B9BB0580086AD3D /* BonjourService.h */ = {isa = PBXFileReference; fileEncoding = 4; lastKnownFileType = sourcecode.c.h; path = BonjourService.h; sourceTree = "<group>"; };
		660F738E1B9BB0580086AD3D /* BonjourService.m */ = {isa = PBXFileReference; fileEncoding = 4; lastKnownFileType = sourcecode.c.objc; path = BonjourService.m; sourceTree = "<group>"; };
		6634E4B51B9BB6E000CD1759 /* ServiceEditor.xib */ = {isa = PBXFileReference; fileEncoding = 4; lastKnownFileType = file.xib; name = ServiceEditor.xib; path = Sheets/ServiceEditor.xib; sourceTree = "<group>"; };
		6634E4BA1B9BB82300CD1759 /* ServiceEditorWindowController.h */ = {isa = PBXFileReference; fileEncoding = 4; lastKnownFileType = sourcecode.c.h; name = ServiceEditorWindowController.h; path = Sheets/ServiceEditorWindowController.h; sourceTree = "<group>"; };
		6634E4BB1B9BB82300CD1759 /* ServiceEditorWindowController.m */ = {isa = PBXFileReference; fileEncoding = 4; lastKnownFileType = sourcecode.c.objc; name = ServiceEditorWindowController.m; path = Sheets/ServiceEditorWindowController.m; sourceTree = "<group>"; };
		6634F95D1BA1170D00998874 /* DNSQuerier.h */ = {isa = PBXFileReference; fileEncoding = 4; lastKnownFileType = sourcecode.c.h; name = DNSQuerier.h; path = "DNS Query/DNSQuerier.h"; sourceTree = "<group>"; };
		6634F95E1BA1170D00998874 /* DNSQuerier.m */ = {isa = PBXFileReference; fileEncoding = 4; lastKnownFileType = sourcecode.c.objc; name = DNSQuerier.m; path = "DNS Query/DNSQuerier.m"; sourceTree = "<group>"; };
		6634F9601BA126C400998874 /* ServiceListingWindowController.h */ = {isa = PBXFileReference; fileEncoding = 4; lastKnownFileType = sourcecode.c.h; name = ServiceListingWindowController.h; path = Sheets/ServiceListingWindowController.h; sourceTree = "<group>"; };
		6634F9611BA126C400998874 /* ServiceListingWindowController.m */ = {isa = PBXFileReference; fileEncoding = 4; lastKnownFileType = sourcecode.c.objc; name = ServiceListingWindowController.m; path = Sheets/ServiceListingWindowController.m; sourceTree = "<group>"; };
		6634F9621BA126C400998874 /* ServiceListing.xib */ = {isa = PBXFileReference; fileEncoding = 4; lastKnownFileType = file.xib; name = ServiceListing.xib; path = Sheets/ServiceListing.xib; sourceTree = "<group>"; };
		6634F9661BA2199B00998874 /* ServiceListingTopLevelItem.h */ = {isa = PBXFileReference; fileEncoding = 4; lastKnownFileType = sourcecode.c.h; name = ServiceListingTopLevelItem.h; path = Sheets/ServiceListing/ServiceListingTopLevelItem.h; sourceTree = "<group>"; };
		6634F9671BA2199B00998874 /* ServiceListingTopLevelItem.m */ = {isa = PBXFileReference; fileEncoding = 4; lastKnownFileType = sourcecode.c.objc; name = ServiceListingTopLevelItem.m; path = Sheets/ServiceListing/ServiceListingTopLevelItem.m; sourceTree = "<group>"; };
		6634F9691BA2796200998874 /* NameResolverNetServiceBrowser.h */ = {isa = PBXFileReference; fileEncoding = 4; lastKnownFileType = sourcecode.c.h; name = NameResolverNetServiceBrowser.h; path = "DNS Query/NameResolverNetServiceBrowser.h"; sourceTree = "<group>"; };
		6634F96A1BA2796200998874 /* NameResolverNetServiceBrowser.m */ = {isa = PBXFileReference; fileEncoding = 4; lastKnownFileType = sourcecode.c.objc; name = NameResolverNetServiceBrowser.m; path = "DNS Query/NameResolverNetServiceBrowser.m"; sourceTree = "<group>"; };
		6634F96C1BA364A100998874 /* Services.plist */ = {isa = PBXFileReference; fileEncoding = 4; lastKnownFileType = text.plist.xml; path = Services.plist; sourceTree = "<group>"; };
		6634F96E1BA373CD00998874 /* ServiceListingChildItem.h */ = {isa = PBXFileReference; fileEncoding = 4; lastKnownFileType = sourcecode.c.h; name = ServiceListingChildItem.h; path = Sheets/ServiceListing/ServiceListingChildItem.h; sourceTree = "<group>"; };
		6634F96F1BA373CD00998874 /* ServiceListingChildItem.m */ = {isa = PBXFileReference; fileEncoding = 4; lastKnownFileType = sourcecode.c.objc; name = ServiceListingChildItem.m; path = Sheets/ServiceListing/ServiceListingChildItem.m; sourceTree = "<group>"; };
		6697209D1B9CD8D4006E9DA9 /* .gitignore */ = {isa = PBXFileReference; fileEncoding = 4; lastKnownFileType = text; name = .gitignore; path = ../.gitignore; sourceTree = "<group>"; };
		669720A01B9CD9A8006E9DA9 /* TextEntryTableView.h */ = {isa = PBXFileReference; fileEncoding = 4; lastKnownFileType = sourcecode.c.h; name = TextEntryTableView.h; path = "Sheets/Text Entry Manipulator/TextEntryTableView.h"; sourceTree = "<group>"; };
		669720A11B9CD9A8006E9DA9 /* TextEntryTableView.m */ = {isa = PBXFileReference; fileEncoding = 4; lastKnownFileType = sourcecode.c.objc; name = TextEntryTableView.m; path = "Sheets/Text Entry Manipulator/TextEntryTableView.m"; sourceTree = "<group>"; };
		669720A31B9CDC25006E9DA9 /* TextEntryRowView.h */ = {isa = PBXFileReference; fileEncoding = 4; lastKnownFileType = sourcecode.c.h; name = TextEntryRowView.h; path = "Sheets/Text Entry Manipulator/TextEntryRowView.h"; sourceTree = "<group>"; };
		669720A41B9CDC25006E9DA9 /* TextEntryRowView.m */ = {isa = PBXFileReference; fileEncoding = 4; lastKnownFileType = sourcecode.c.objc; name = TextEntryRowView.m; path = "Sheets/Text Entry Manipulator/TextEntryRowView.m"; sourceTree = "<group>"; };
		66B1A0091BBE1B4000F323B8 /* Reachability.h */ = {isa = PBXFileReference; fileEncoding = 4; lastKnownFileType = sourcecode.c.h; name = Reachability.h; path = Reachability/Reachability.h; sourceTree = "<group>"; };
		66B1A00A1BBE1B4000F323B8 /* Reachability.m */ = {isa = PBXFileReference; fileEncoding = 4; lastKnownFileType = sourcecode.c.objc; name = Reachability.m; path = Reachability/Reachability.m; sourceTree = "<group>"; };
		66B1A00C1BBE1B6100F323B8 /* ReachabilityController.h */ = {isa = PBXFileReference; fileEncoding = 4; lastKnownFileType = sourcecode.c.h; name = ReachabilityController.h; path = Reachability/ReachabilityController.h; sourceTree = "<group>"; };
		66B1A00D1BBE1B6100F323B8 /* ReachabilityController.m */ = {isa = PBXFileReference; fileEncoding = 4; lastKnownFileType = sourcecode.c.objc; name = ReachabilityController.m; path = Reachability/ReachabilityController.m; sourceTree = "<group>"; };
/* End PBXFileReference section */

/* Begin PBXFrameworksBuildPhase section */
		660F73601B9BAD190086AD3D /* Frameworks */ = {
			isa = PBXFrameworksBuildPhase;
			buildActionMask = 2147483647;
			files = (
				660196351B9CEFBC002E5B82 /* QuartzCore.framework in Frameworks */,
			);
			runOnlyForDeploymentPostprocessing = 0;
		};
/* End PBXFrameworksBuildPhase section */

/* Begin PBXGroup section */
		660196361B9CEFC2002E5B82 /* Frameworks */ = {
			isa = PBXGroup;
			children = (
				660196341B9CEFBC002E5B82 /* QuartzCore.framework */,
			);
			name = Frameworks;
			sourceTree = "<group>";
		};
		660196371B9E4A6B002E5B82 /* Storage */ = {
			isa = PBXGroup;
			children = (
				660196381B9E4A95002E5B82 /* DataLoader.h */,
				660196391B9E4A95002E5B82 /* DataLoader.m */,
			);
			name = Storage;
			sourceTree = "<group>";
		};
		660F735A1B9BAD190086AD3D = {
			isa = PBXGroup;
			children = (
				660F73651B9BAD190086AD3D /* Bonjour Broadcaster */,
				660196361B9CEFC2002E5B82 /* Frameworks */,
				660F73641B9BAD190086AD3D /* Products */,
			);
			sourceTree = "<group>";
		};
		660F73641B9BAD190086AD3D /* Products */ = {
			isa = PBXGroup;
			children = (
				660F73631B9BAD190086AD3D /* Bonjour Broadcaster.app */,
			);
			name = Products;
			sourceTree = "<group>";
		};
		660F73651B9BAD190086AD3D /* Bonjour Broadcaster */ = {
			isa = PBXGroup;
			children = (
				660F73681B9BAD190086AD3D /* AppDelegate.h */,
				660F73691B9BAD190086AD3D /* AppDelegate.m */,
				660F73861B9BADF80086AD3D /* ViewController.h */,
				660F73871B9BADF80086AD3D /* ViewController.m */,
				660F73891B9BAF560086AD3D /* Bonjour */,
				6634E4B41B9BB6AB00CD1759 /* Sheets */,
				660196371B9E4A6B002E5B82 /* Storage */,
				6634F9581BA10EB600998874 /* DNS Query */,
				66B1A0051BBE197400F323B8 /* Reachability */,
				660F736D1B9BAD190086AD3D /* Images.xcassets */,
				660F736F1B9BAD190086AD3D /* MainMenu.xib */,
				660F73661B9BAD190086AD3D /* Supporting Files */,
			);
			path = "Bonjour Broadcaster";
			sourceTree = "<group>";
		};
		660F73661B9BAD190086AD3D /* Supporting Files */ = {
			isa = PBXGroup;
			children = (
				6634F96C1BA364A100998874 /* Services.plist */,
				6697209D1B9CD8D4006E9DA9 /* .gitignore */,
				660F73671B9BAD190086AD3D /* Info.plist */,
				660F736B1B9BAD190086AD3D /* main.m */,
			);
			name = "Supporting Files";
			sourceTree = "<group>";
		};
		660F73891B9BAF560086AD3D /* Bonjour */ = {
			isa = PBXGroup;
			children = (
				660F738A1B9BAF760086AD3D /* BonjourHost.h */,
				660F738B1B9BAF760086AD3D /* BonjourHost.m */,
				660F738D1B9BB0580086AD3D /* BonjourService.h */,
				660F738E1B9BB0580086AD3D /* BonjourService.m */,
			);
			name = Bonjour;
			sourceTree = "<group>";
		};
		6634E4B41B9BB6AB00CD1759 /* Sheets */ = {
			isa = PBXGroup;
			children = (
				6634E4BA1B9BB82300CD1759 /* ServiceEditorWindowController.h */,
				6634E4BB1B9BB82300CD1759 /* ServiceEditorWindowController.m */,
				6697209F1B9CD966006E9DA9 /* Text Entry Manipulator */,
				6634E4B51B9BB6E000CD1759 /* ServiceEditor.xib */,
				6634F9601BA126C400998874 /* ServiceListingWindowController.h */,
				6634F9611BA126C400998874 /* ServiceListingWindowController.m */,
				6634F9651BA2198500998874 /* ServiceListing */,
				6634F9621BA126C400998874 /* ServiceListing.xib */,
			);
			name = Sheets;
			sourceTree = "<group>";
		};
		6634F9581BA10EB600998874 /* DNS Query */ = {
			isa = PBXGroup;
			children = (
				6634F95D1BA1170D00998874 /* DNSQuerier.h */,
				6634F95E1BA1170D00998874 /* DNSQuerier.m */,
				6634F9691BA2796200998874 /* NameResolverNetServiceBrowser.h */,
				6634F96A1BA2796200998874 /* NameResolverNetServiceBrowser.m */,
			);
			name = "DNS Query";
			sourceTree = "<group>";
		};
		6634F9651BA2198500998874 /* ServiceListing */ = {
			isa = PBXGroup;
			children = (
				6634F9661BA2199B00998874 /* ServiceListingTopLevelItem.h */,
				6634F9671BA2199B00998874 /* ServiceListingTopLevelItem.m */,
				6634F96E1BA373CD00998874 /* ServiceListingChildItem.h */,
				6634F96F1BA373CD00998874 /* ServiceListingChildItem.m */,
				660EF8B91BA3C47C00FF1E9F /* ServiceListingAddressItem.h */,
				660EF8BA1BA3C47C00FF1E9F /* ServiceListingAddressItem.m */,
			);
			name = ServiceListing;
			sourceTree = "<group>";
		};
		6697209F1B9CD966006E9DA9 /* Text Entry Manipulator */ = {
			isa = PBXGroup;
			children = (
				669720A01B9CD9A8006E9DA9 /* TextEntryTableView.h */,
				669720A11B9CD9A8006E9DA9 /* TextEntryTableView.m */,
				669720A31B9CDC25006E9DA9 /* TextEntryRowView.h */,
				669720A41B9CDC25006E9DA9 /* TextEntryRowView.m */,
			);
			name = "Text Entry Manipulator";
			sourceTree = "<group>";
		};
		66B1A0051BBE197400F323B8 /* Reachability */ = {
			isa = PBXGroup;
			children = (
				66B1A00C1BBE1B6100F323B8 /* ReachabilityController.h */,
				66B1A00D1BBE1B6100F323B8 /* ReachabilityController.m */,
				66B1A0091BBE1B4000F323B8 /* Reachability.h */,
				66B1A00A1BBE1B4000F323B8 /* Reachability.m */,
			);
			name = Reachability;
			sourceTree = "<group>";
		};
/* End PBXGroup section */

/* Begin PBXNativeTarget section */
		660F73621B9BAD190086AD3D /* Bonjour Broadcaster */ = {
			isa = PBXNativeTarget;
			buildConfigurationList = 660F73801B9BAD190086AD3D /* Build configuration list for PBXNativeTarget "Bonjour Broadcaster" */;
			buildPhases = (
				660F735F1B9BAD190086AD3D /* Sources */,
				660F73601B9BAD190086AD3D /* Frameworks */,
				660F73611B9BAD190086AD3D /* Resources */,
			);
			buildRules = (
			);
			dependencies = (
			);
			name = "Bonjour Broadcaster";
			productName = "Bonjour Broadcaster";
			productReference = 660F73631B9BAD190086AD3D /* Bonjour Broadcaster.app */;
			productType = "com.apple.product-type.application";
		};
/* End PBXNativeTarget section */

/* Begin PBXProject section */
		660F735B1B9BAD190086AD3D /* Project object */ = {
			isa = PBXProject;
			attributes = {
				LastUpgradeCheck = 0630;
				ORGANIZATIONNAME = "AppCannon Software";
				TargetAttributes = {
					660F73621B9BAD190086AD3D = {
						CreatedOnToolsVersion = 6.3.1;
					};
				};
			};
			buildConfigurationList = 660F735E1B9BAD190086AD3D /* Build configuration list for PBXProject "Bonjour Broadcaster" */;
			compatibilityVersion = "Xcode 3.2";
			developmentRegion = English;
			hasScannedForEncodings = 0;
			knownRegions = (
				en,
				Base,
			);
			mainGroup = 660F735A1B9BAD190086AD3D;
			productRefGroup = 660F73641B9BAD190086AD3D /* Products */;
			projectDirPath = "";
			projectRoot = "";
			targets = (
				660F73621B9BAD190086AD3D /* Bonjour Broadcaster */,
			);
		};
/* End PBXProject section */

/* Begin PBXResourcesBuildPhase section */
		660F73611B9BAD190086AD3D /* Resources */ = {
			isa = PBXResourcesBuildPhase;
			buildActionMask = 2147483647;
			files = (
				6634F96D1BA364A100998874 /* Services.plist in Resources */,
				6697209E1B9CD8D4006E9DA9 /* .gitignore in Resources */,
				660F736E1B9BAD190086AD3D /* Images.xcassets in Resources */,
				6634F9641BA126C400998874 /* ServiceListing.xib in Resources */,
				6634E4B61B9BB6E000CD1759 /* ServiceEditor.xib in Resources */,
				660F73711B9BAD190086AD3D /* MainMenu.xib in Resources */,
			);
			runOnlyForDeploymentPostprocessing = 0;
		};
/* End PBXResourcesBuildPhase section */

/* Begin PBXSourcesBuildPhase section */
		660F735F1B9BAD190086AD3D /* Sources */ = {
			isa = PBXSourcesBuildPhase;
			buildActionMask = 2147483647;
			files = (
				660F73881B9BADF80086AD3D /* ViewController.m in Sources */,
				6634F95F1BA1170D00998874 /* DNSQuerier.m in Sources */,
				660F738F1B9BB0580086AD3D /* BonjourService.m in Sources */,
				6601963A1B9E4A95002E5B82 /* DataLoader.m in Sources */,
				6634F9681BA2199B00998874 /* ServiceListingTopLevelItem.m in Sources */,
				669720A21B9CD9A8006E9DA9 /* TextEntryTableView.m in Sources */,
				6634F9701BA373CD00998874 /* ServiceListingChildItem.m in Sources */,
				660F736C1B9BAD190086AD3D /* main.m in Sources */,
				660F736A1B9BAD190086AD3D /* AppDelegate.m in Sources */,
				66B1A00E1BBE1B6100F323B8 /* ReachabilityController.m in Sources */,
				6634F9631BA126C400998874 /* ServiceListingWindowController.m in Sources */,
				66B1A00B1BBE1B4000F323B8 /* Reachability.m in Sources */,
				660EF8BB1BA3C47C00FF1E9F /* ServiceListingAddressItem.m in Sources */,
				6634F96B1BA2796200998874 /* NameResolverNetServiceBrowser.m in Sources */,
				6634E4BC1B9BB82300CD1759 /* ServiceEditorWindowController.m in Sources */,
				660F738C1B9BAF760086AD3D /* BonjourHost.m in Sources */,
				669720A51B9CDC25006E9DA9 /* TextEntryRowView.m in Sources */,
			);
			runOnlyForDeploymentPostprocessing = 0;
		};
/* End PBXSourcesBuildPhase section */

/* Begin PBXVariantGroup section */
		660F736F1B9BAD190086AD3D /* MainMenu.xib */ = {
			isa = PBXVariantGroup;
			children = (
				660F73701B9BAD190086AD3D /* Base */,
			);
			name = MainMenu.xib;
			sourceTree = "<group>";
		};
/* End PBXVariantGroup section */

/* Begin XCBuildConfiguration section */
		660F737E1B9BAD190086AD3D /* Debug */ = {
			isa = XCBuildConfiguration;
			buildSettings = {
				ALWAYS_SEARCH_USER_PATHS = NO;
				CLANG_CXX_LANGUAGE_STANDARD = "gnu++0x";
				CLANG_CXX_LIBRARY = "libc++";
				CLANG_ENABLE_MODULES = YES;
				CLANG_ENABLE_OBJC_ARC = YES;
				CLANG_WARN_BOOL_CONVERSION = YES;
				CLANG_WARN_CONSTANT_CONVERSION = YES;
				CLANG_WARN_DIRECT_OBJC_ISA_USAGE = YES_ERROR;
				CLANG_WARN_EMPTY_BODY = YES;
				CLANG_WARN_ENUM_CONVERSION = YES;
				CLANG_WARN_INT_CONVERSION = YES;
				CLANG_WARN_OBJC_ROOT_CLASS = YES_ERROR;
				CLANG_WARN_UNREACHABLE_CODE = YES;
				CLANG_WARN__DUPLICATE_METHOD_MATCH = YES;
				CODE_SIGN_IDENTITY = "-";
				COPY_PHASE_STRIP = NO;
				DEBUG_INFORMATION_FORMAT = dwarf;
				ENABLE_STRICT_OBJC_MSGSEND = YES;
				GCC_C_LANGUAGE_STANDARD = gnu99;
				GCC_DYNAMIC_NO_PIC = NO;
				GCC_NO_COMMON_BLOCKS = YES;
				GCC_OPTIMIZATION_LEVEL = 0;
				GCC_PREPROCESSOR_DEFINITIONS = (
					"DEBUG=1",
					"$(inherited)",
				);
				GCC_SYMBOLS_PRIVATE_EXTERN = NO;
				GCC_WARN_64_TO_32_BIT_CONVERSION = YES;
				GCC_WARN_ABOUT_RETURN_TYPE = YES_ERROR;
				GCC_WARN_UNDECLARED_SELECTOR = YES;
				GCC_WARN_UNINITIALIZED_AUTOS = YES_AGGRESSIVE;
				GCC_WARN_UNUSED_FUNCTION = YES;
				GCC_WARN_UNUSED_VARIABLE = YES;
				MACOSX_DEPLOYMENT_TARGET = 10.10;
				MTL_ENABLE_DEBUG_INFO = YES;
				ONLY_ACTIVE_ARCH = YES;
				SDKROOT = macosx;
			};
			name = Debug;
		};
		660F737F1B9BAD190086AD3D /* Release */ = {
			isa = XCBuildConfiguration;
			buildSettings = {
				ALWAYS_SEARCH_USER_PATHS = NO;
				CLANG_CXX_LANGUAGE_STANDARD = "gnu++0x";
				CLANG_CXX_LIBRARY = "libc++";
				CLANG_ENABLE_MODULES = YES;
				CLANG_ENABLE_OBJC_ARC = YES;
				CLANG_WARN_BOOL_CONVERSION = YES;
				CLANG_WARN_CONSTANT_CONVERSION = YES;
				CLANG_WARN_DIRECT_OBJC_ISA_USAGE = YES_ERROR;
				CLANG_WARN_EMPTY_BODY = YES;
				CLANG_WARN_ENUM_CONVERSION = YES;
				CLANG_WARN_INT_CONVERSION = YES;
				CLANG_WARN_OBJC_ROOT_CLASS = YES_ERROR;
				CLANG_WARN_UNREACHABLE_CODE = YES;
				CLANG_WARN__DUPLICATE_METHOD_MATCH = YES;
				CODE_SIGN_IDENTITY = "-";
				COPY_PHASE_STRIP = NO;
				DEBUG_INFORMATION_FORMAT = "dwarf-with-dsym";
				ENABLE_NS_ASSERTIONS = NO;
				ENABLE_STRICT_OBJC_MSGSEND = YES;
				GCC_C_LANGUAGE_STANDARD = gnu99;
				GCC_NO_COMMON_BLOCKS = YES;
				GCC_WARN_64_TO_32_BIT_CONVERSION = YES;
				GCC_WARN_ABOUT_RETURN_TYPE = YES_ERROR;
				GCC_WARN_UNDECLARED_SELECTOR = YES;
				GCC_WARN_UNINITIALIZED_AUTOS = YES_AGGRESSIVE;
				GCC_WARN_UNUSED_FUNCTION = YES;
				GCC_WARN_UNUSED_VARIABLE = YES;
				MACOSX_DEPLOYMENT_TARGET = 10.10;
				MTL_ENABLE_DEBUG_INFO = NO;
				SDKROOT = macosx;
			};
			name = Release;
		};
		660F73811B9BAD190086AD3D /* Debug */ = {
			isa = XCBuildConfiguration;
			buildSettings = {
				ASSETCATALOG_COMPILER_APPICON_NAME = AppIcon;
				COMBINE_HIDPI_IMAGES = YES;
				INFOPLIST_FILE = "Bonjour Broadcaster/Info.plist";
				LD_RUNPATH_SEARCH_PATHS = "$(inherited) @executable_path/../Frameworks";
				PRODUCT_NAME = "$(TARGET_NAME)";
			};
			name = Debug;
		};
		660F73821B9BAD190086AD3D /* Release */ = {
			isa = XCBuildConfiguration;
			buildSettings = {
				ASSETCATALOG_COMPILER_APPICON_NAME = AppIcon;
				COMBINE_HIDPI_IMAGES = YES;
				INFOPLIST_FILE = "Bonjour Broadcaster/Info.plist";
				LD_RUNPATH_SEARCH_PATHS = "$(inherited) @executable_path/../Frameworks";
				PRODUCT_NAME = "$(TARGET_NAME)";
			};
			name = Release;
		};
/* End XCBuildConfiguration section */

/* Begin XCConfigurationList section */
		660F735E1B9BAD190086AD3D /* Build configuration list for PBXProject "Bonjour Broadcaster" */ = {
			isa = XCConfigurationList;
			buildConfigurations = (
				660F737E1B9BAD190086AD3D /* Debug */,
				660F737F1B9BAD190086AD3D /* Release */,
			);
			defaultConfigurationIsVisible = 0;
			defaultConfigurationName = Release;
		};
		660F73801B9BAD190086AD3D /* Build configuration list for PBXNativeTarget "Bonjour Broadcaster" */ = {
			isa = XCConfigurationList;
			buildConfigurations = (
				660F73811B9BAD190086AD3D /* Debug */,
				660F73821B9BAD190086AD3D /* Release */,
			);
			defaultConfigurationIsVisible = 0;
			defaultConfigurationName = Release;
		};
/* End XCConfigurationList section */
	};
	rootObject = 660F735B1B9BAD190086AD3D /* Project object */;
}
